
Microsoft Visual Studio Solution File, Format Version 12.00
# Visual Studio Version 17
VisualStudioVersion = 17.5.33414.496
MinimumVisualStudioVersion = 10.0.40219.1
Project("{9A19103F-16F7-4668-BE54-9A1E7A4F7556}") = "COMServer", "COMServer\COMServer.csproj", "{3E3DC82B-461F-46D7-9888-9C21CA5566A0}"
EndProject
Project("{9A19103F-16F7-4668-BE54-9A1E7A4F7556}") = "COMClient", "COMClient\COMClient.csproj", "{2C0F6E8C-CD54-4ADC-8F2D-488A2DFCD847}"
EndProject
Project("{FAE04EC0-301F-11D3-BF4B-00C04F79EFBC}") = "COMClientFramework48", "COMClientFramework48\COMClientFramework48.csproj", "{1629C137-B9C5-4E67-8CA0-77B2FA2F6342}"
EndProject
Project("{FAE04EC0-301F-11D3-BF4B-00C04F79EFBC}") = "COMServerFramwork48", "COMServerFramwork48\COMServerFramwork48.csproj", "{E97F1A16-317F-4E17-A24B-A58BFDFFC5F6}"
EndProject
Project("{2150E333-8FDC-42A3-9474-1A3956D46DE8}") = "Framework48", "Framework48", "{D1611429-00AF-4A64-82EF-0612DAA0ECCA}"
EndProject
Project("{2150E333-8FDC-42A3-9474-1A3956D46DE8}") = "Core", "Core", "{3ECD312D-1ACE-4733-8143-8874E07E8586}"
EndProject
Global
	GlobalSection(SolutionConfigurationPlatforms) = preSolution
		Debug|Any CPU = Debug|Any CPU
		Release|Any CPU = Release|Any CPU
	EndGlobalSection
	GlobalSection(ProjectConfigurationPlatforms) = postSolution
		{3E3DC82B-461F-46D7-9888-9C21CA5566A0}.Debug|Any CPU.ActiveCfg = Debug|Any CPU
		{3E3DC82B-461F-46D7-9888-9C21CA5566A0}.Debug|Any CPU.Build.0 = Debug|Any CPU
		{3E3DC82B-461F-46D7-9888-9C21CA5566A0}.Release|Any CPU.ActiveCfg = Release|Any CPU
		{3E3DC82B-461F-46D7-9888-9C21CA5566A0}.Release|Any CPU.Build.0 = Release|Any CPU
		{2C0F6E8C-CD54-4ADC-8F2D-488A2DFCD847}.Debug|Any CPU.ActiveCfg = Debug|Any CPU
		{2C0F6E8C-CD54-4ADC-8F2D-488A2DFCD847}.Debug|Any CPU.Build.0 = Debug|Any CPU
		{2C0F6E8C-CD54-4ADC-8F2D-488A2DFCD847}.Release|Any CPU.ActiveCfg = Release|Any CPU
		{2C0F6E8C-CD54-4ADC-8F2D-488A2DFCD847}.Release|Any CPU.Build.0 = Release|Any CPU
		{1629C137-B9C5-4E67-8CA0-77B2FA2F6342}.Debug|Any CPU.ActiveCfg = Debug|Any CPU
		{1629C137-B9C5-4E67-8CA0-77B2FA2F6342}.Debug|Any CPU.Build.0 = Debug|Any CPU
		{1629C137-B9C5-4E67-8CA0-77B2FA2F6342}.Release|Any CPU.ActiveCfg = Release|Any CPU
		{1629C137-B9C5-4E67-8CA0-77B2FA2F6342}.Release|Any CPU.Build.0 = Release|Any CPU
		{E97F1A16-317F-4E17-A24B-A58BFDFFC5F6}.Debug|Any CPU.ActiveCfg = Debug|Any CPU
		{E97F1A16-317F-4E17-A24B-A58BFDFFC5F6}.Debug|Any CPU.Build.0 = Debug|Any CPU
		{E97F1A16-317F-4E17-A24B-A58BFDFFC5F6}.Release|Any CPU.ActiveCfg = Release|Any CPU
		{E97F1A16-317F-4E17-A24B-A58BFDFFC5F6}.Release|Any CPU.Build.0 = Release|Any CPU
	EndGlobalSection
	GlobalSection(SolutionProperties) = preSolution
		HideSolutionNode = FALSE
	EndGlobalSection
	GlobalSection(NestedProjects) = preSolution
		{3E3DC82B-461F-46D7-9888-9C21CA5566A0} = {3ECD312D-1ACE-4733-8143-8874E07E8586}
		{2C0F6E8C-CD54-4ADC-8F2D-488A2DFCD847} = {3ECD312D-1ACE-4733-8143-8874E07E8586}
		{1629C137-B9C5-4E67-8CA0-77B2FA2F6342} = {D1611429-00AF-4A64-82EF-0612DAA0ECCA}
		{E97F1A16-317F-4E17-A24B-A58BFDFFC5F6} = {D1611429-00AF-4A64-82EF-0612DAA0ECCA}
	EndGlobalSection
	GlobalSection(ExtensibilityGlobals) = postSolution
		SolutionGuid = {78425354-179E-49F0-AA74-158F07D926D7}
	EndGlobalSection
EndGlobal
